
Microsoft Visual Studio Solution File, Format Version 10.00
# Visual Studio 2008
Project("{8BC9CEB8-8B4A-11D0-8D11-00A0C91BC942}") = "ElementClient", "ZElementClient\ElementClient.vcproj", "{58F0E01B-DEDA-48E5-8C56-DB051433E403}"
	ProjectSection(ProjectDependencies) = postProject
		{88BF6315-7DD6-4E6F-98B2-61A288E4F076} = {88BF6315-7DD6-4E6F-98B2-61A288E4F076}
		{7E76822B-0740-4BFC-A3A4-985F91C7AF0C} = {7E76822B-0740-4BFC-A3A4-985F91C7AF0C}
		{A9FB188F-93BB-48E4-B261-465CA2F9CC45} = {A9FB188F-93BB-48E4-B261-465CA2F9CC45}
		{9B4B8BD6-0E6E-4C7D-BF6D-0F53BF5F9EEA} = {9B4B8BD6-0E6E-4C7D-BF6D-0F53BF5F9EEA}
		{E52213EE-DFBA-4574-9374-3547089F2443} = {E52213EE-DFBA-4574-9374-3547089F2443}
	EndProjectSection
EndProject
Project("{8BC9CEB8-8B4A-11D0-8D11-00A0C91BC942}") = "AnimationCore", "AnimationCore\AnimationCore.vcproj", "{9B4B8BD6-0E6E-4C7D-BF6D-0F53BF5F9EEA}"
EndProject
Project("{8BC9CEB8-8B4A-11D0-8D11-00A0C91BC942}") = "CHBasedCD", "ZCHBasedCD\CHBasedCD.vcproj", "{E52213EE-DFBA-4574-9374-3547089F2443}"
EndProject
Project("{8BC9CEB8-8B4A-11D0-8D11-00A0C91BC942}") = "ElementSkill", "ZElementSkill\ElementSkill.vcproj", "{7E76822B-0740-4BFC-A3A4-985F91C7AF0C}"
EndProject
Project("{8BC9CEB8-8B4A-11D0-8D11-00A0C91BC942}") = "FWEditorLib", "ZFWEditorLib\FWEditorLib.vcproj", "{88BF6315-7DD6-4E6F-98B2-61A288E4F076}"
EndProject
Project("{8BC9CEB8-8B4A-11D0-8D11-00A0C91BC942}") = "AUInterface", "ZAUInterface\AUInterface.vcproj", "{A9FB188F-93BB-48E4-B261-465CA2F9CC45}"
EndProject
Project("{8BC9CEB8-8B4A-11D0-8D11-00A0C91BC942}") = "ElementEditor", "ZElementEditor\ElementEditor.vcproj", "{23C4048C-C118-4269-A06B-CB53E77CEF82}"
	ProjectSection(ProjectDependencies) = postProject
		{E52213EE-DFBA-4574-9374-3547089F2443} = {E52213EE-DFBA-4574-9374-3547089F2443}
	EndProjectSection
EndProject
Project("{8BC9CEB8-8B4A-11D0-8D11-00A0C91BC942}") = "HintTool", "ZHintTool\HintTool.vcproj", "{A9CC7F64-74B8-4D44-B723-8A82C17A9EE2}"
EndProject
Project("{8BC9CEB8-8B4A-11D0-8D11-00A0C91BC942}") = "ElementData", "ZElementData\ElementData.vcproj", "{5463321C-A14B-4FE4-928B-101366B77EA5}"
EndProject
Project("{8BC9CEB8-8B4A-11D0-8D11-00A0C91BC942}") = "ZAnimationEditor", "ZAnimationEditor\ZAnimationEditor.vcproj", "{15AB6A5C-84E6-47D9-8C1C-F495A36677D2}"
EndProject
Global
	GlobalSection(SourceCodeControl) = preSolution
		SccNumberOfProjects = 10
		SccProjectUniqueName0 = ZElementClient\\ElementClient.vcproj
		SccProjectName0 = \u0022$/ZElement/ZElementClient\u0022,\u0020AQDAAAAA
		SccLocalPath0 = ZElementClient
		SccProvider0 = MSSCCI:Microsoft\u0020Visual\u0020SourceSafe
		SccProjectUniqueName1 = AnimationCore\\AnimationCore.vcproj
		SccProjectName1 = \u0022$/ZElement\u0022,\u0020RIDAAAAA
		SccLocalPath1 = .
		SccProvider1 = MSSCCI:Microsoft\u0020Visual\u0020SourceSafe
		SccProjectFilePathRelativizedFromConnection1 = AnimationCore\\
		SccProjectUniqueName2 = ZCHBasedCD\\CHBasedCD.vcproj
		SccProjectName2 = \u0022$/ZElement/ZCHBasedCD\u0022,\u0020UQJAAAAA
		SccLocalPath2 = ZCHBasedCD
		SccProvider2 = MSSCCI:Microsoft\u0020Visual\u0020SourceSafe
		SccProjectUniqueName3 = ZElementSkill\\ElementSkill.vcproj
		SccProjectName3 = \u0022$/ZElement/ZElementSkill\u0022,\u0020CBHAAAAA
		SccLocalPath3 = ZElementSkill
		SccProvider3 = MSSCCI:Microsoft\u0020Visual\u0020SourceSafe
		SccProjectUniqueName4 = ZFWEditorLib\\FWEditorLib.vcproj
		SccProjectName4 = \u0022$/ZElement/ZFWEditorLib\u0022,\u0020JCJAAAAA
		SccLocalPath4 = ZFWEditorLib
		SccProvider4 = MSSCCI:Microsoft\u0020Visual\u0020SourceSafe
		SccProjectUniqueName5 = ZAUInterface\\AUInterface.vcproj
		SccProjectName5 = \u0022$/ZElement/ZAUInterface\u0022,\u0020IWIAAAAA
		SccLocalPath5 = ZAUInterface
		SccProvider5 = MSSCCI:Microsoft\u0020Visual\u0020SourceSafe
		SccProjectUniqueName6 = ZElementEditor\\ElementEditor.vcproj
		SccProjectName6 = \u0022$/ZElement/ZElementEditor\u0022,\u0020SIDAAAAA
		SccLocalPath6 = ZElementEditor
		SccProvider6 = MSSCCI:Microsoft\u0020Visual\u0020SourceSafe
		SccProjectUniqueName7 = ZHintTool\\HintTool.vcproj
		SccProjectName7 = \u0022$/ZElement/ZHintTool\u0022,\u0020SKFBAAAA
		SccLocalPath7 = ZHintTool
		SccProvider7 = MSSCCI:Microsoft\u0020Visual\u0020SourceSafe
		SccProjectUniqueName8 = ZElementData\\ElementData.vcproj
		SccProjectName8 = \u0022$/ZElement/ZElementData\u0022,\u0020OWEAAAAA
		SccLocalPath8 = ZElementData
		SccProvider8 = MSSCCI:Microsoft\u0020Visual\u0020SourceSafe
		SccProjectUniqueName9 = ZAnimationEditor\\ZAnimationEditor.vcproj
		SccProjectName9 = \u0022$/ZElement/ZAnimationEditor\u0022,\u0020HWCCAAAA
		SccLocalPath9 = ZAnimationEditor
		SccProvider9 = MSSCCI:Microsoft\u0020Visual\u0020SourceSafe
	EndGlobalSection
	GlobalSection(SolutionConfigurationPlatforms) = preSolution
		DbgRelease|Win32 = DbgRelease|Win32
		Debug|Win32 = Debug|Win32
		EditerDebug|Win32 = EditerDebug|Win32
		EditorRelease|Win32 = EditorRelease|Win32
		Mem_Debug|Win32 = Mem_Debug|Win32
		Release|Win32 = Release|Win32
		SDebug|Win32 = SDebug|Win32
		SRelease|Win32 = SRelease|Win32
	EndGlobalSection
	GlobalSection(ProjectConfigurationPlatforms) = postSolution
		{58F0E01B-DEDA-48E5-8C56-DB051433E403}.DbgRelease|Win32.ActiveCfg = DbgRelease|Win32
		{58F0E01B-DEDA-48E5-8C56-DB051433E403}.DbgRelease|Win32.Build.0 = DbgRelease|Win32
		{58F0E01B-DEDA-48E5-8C56-DB051433E403}.Debug|Win32.ActiveCfg = Debug|Win32
		{58F0E01B-DEDA-48E5-8C56-DB051433E403}.Debug|Win32.Build.0 = Debug|Win32
		{58F0E01B-DEDA-48E5-8C56-DB051433E403}.EditerDebug|Win32.ActiveCfg = Debug|Win32
		{58F0E01B-DEDA-48E5-8C56-DB051433E403}.EditerDebug|Win32.Build.0 = Debug|Win32
		{58F0E01B-DEDA-48E5-8C56-DB051433E403}.EditorRelease|Win32.ActiveCfg = Release|Win32
		{58F0E01B-DEDA-48E5-8C56-DB051433E403}.EditorRelease|Win32.Build.0 = Release|Win32
		{58F0E01B-DEDA-48E5-8C56-DB051433E403}.Mem_Debug|Win32.ActiveCfg = Debug|Win32
		{58F0E01B-DEDA-48E5-8C56-DB051433E403}.Mem_Debug|Win32.Build.0 = Debug|Win32
		{58F0E01B-DEDA-48E5-8C56-DB051433E403}.Release|Win32.ActiveCfg = Release|Win32
		{58F0E01B-DEDA-48E5-8C56-DB051433E403}.Release|Win32.Build.0 = Release|Win32
		{58F0E01B-DEDA-48E5-8C56-DB051433E403}.SDebug|Win32.ActiveCfg = Debug|Win32
		{58F0E01B-DEDA-48E5-8C56-DB051433E403}.SDebug|Win32.Build.0 = Debug|Win32
		{58F0E01B-DEDA-48E5-8C56-DB051433E403}.SRelease|Win32.ActiveCfg = Release|Win32
		{58F0E01B-DEDA-48E5-8C56-DB051433E403}.SRelease|Win32.Build.0 = Release|Win32
		{9B4B8BD6-0E6E-4C7D-BF6D-0F53BF5F9EEA}.DbgRelease|Win32.ActiveCfg = DbgRelease|Win32
		{9B4B8BD6-0E6E-4C7D-BF6D-0F53BF5F9EEA}.DbgRelease|Win32.Build.0 = DbgRelease|Win32
		{9B4B8BD6-0E6E-4C7D-BF6D-0F53BF5F9EEA}.Debug|Win32.ActiveCfg = Debug|Win32
		{9B4B8BD6-0E6E-4C7D-BF6D-0F53BF5F9EEA}.Debug|Win32.Build.0 = Debug|Win32
		{9B4B8BD6-0E6E-4C7D-BF6D-0F53BF5F9EEA}.EditerDebug|Win32.ActiveCfg = Debug|Win32
		{9B4B8BD6-0E6E-4C7D-BF6D-0F53BF5F9EEA}.EditerDebug|Win32.Build.0 = Debug|Win32
		{9B4B8BD6-0E6E-4C7D-BF6D-0F53BF5F9EEA}.EditorRelease|Win32.ActiveCfg = Release|Win32
		{9B4B8BD6-0E6E-4C7D-BF6D-0F53BF5F9EEA}.EditorRelease|Win32.Build.0 = Release|Win32
		{9B4B8BD6-0E6E-4C7D-BF6D-0F53BF5F9EEA}.Mem_Debug|Win32.ActiveCfg = Debug|Win32
		{9B4B8BD6-0E6E-4C7D-BF6D-0F53BF5F9EEA}.Mem_Debug|Win32.Build.0 = Debug|Win32
		{9B4B8BD6-0E6E-4C7D-BF6D-0F53BF5F9EEA}.Release|Win32.ActiveCfg = Release|Win32
		{9B4B8BD6-0E6E-4C7D-BF6D-0F53BF5F9EEA}.Release|Win32.Build.0 = Release|Win32
		{9B4B8BD6-0E6E-4C7D-BF6D-0F53BF5F9EEA}.SDebug|Win32.ActiveCfg = Debug|Win32
		{9B4B8BD6-0E6E-4C7D-BF6D-0F53BF5F9EEA}.SDebug|Win32.Build.0 = Debug|Win32
		{9B4B8BD6-0E6E-4C7D-BF6D-0F53BF5F9EEA}.SRelease|Win32.ActiveCfg = Release|Win32
		{9B4B8BD6-0E6E-4C7D-BF6D-0F53BF5F9EEA}.SRelease|Win32.Build.0 = Release|Win32
		{E52213EE-DFBA-4574-9374-3547089F2443}.DbgRelease|Win32.ActiveCfg = DbgRelease|Win32
		{E52213EE-DFBA-4574-9374-3547089F2443}.DbgRelease|Win32.Build.0 = DbgRelease|Win32
		{E52213EE-DFBA-4574-9374-3547089F2443}.Debug|Win32.ActiveCfg = Debug|Win32
		{E52213EE-DFBA-4574-9374-3547089F2443}.Debug|Win32.Build.0 = Debug|Win32
		{E52213EE-DFBA-4574-9374-3547089F2443}.EditerDebug|Win32.ActiveCfg = Debug|Win32
		{E52213EE-DFBA-4574-9374-3547089F2443}.EditerDebug|Win32.Build.0 = Debug|Win32
		{E52213EE-DFBA-4574-9374-3547089F2443}.EditorRelease|Win32.ActiveCfg = Release|Win32
		{E52213EE-DFBA-4574-9374-3547089F2443}.EditorRelease|Win32.Build.0 = Release|Win32
		{E52213EE-DFBA-4574-9374-3547089F2443}.Mem_Debug|Win32.ActiveCfg = Mem_Debug|Win32
		{E52213EE-DFBA-4574-9374-3547089F2443}.Mem_Debug|Win32.Build.0 = Mem_Debug|Win32
		{E52213EE-DFBA-4574-9374-3547089F2443}.Release|Win32.ActiveCfg = Release|Win32
		{E52213EE-DFBA-4574-9374-3547089F2443}.Release|Win32.Build.0 = Release|Win32
		{E52213EE-DFBA-4574-9374-3547089F2443}.SDebug|Win32.ActiveCfg = SDebug|Win32
		{E52213EE-DFBA-4574-9374-3547089F2443}.SDebug|Win32.Build.0 = SDebug|Win32
		{E52213EE-DFBA-4574-9374-3547089F2443}.SRelease|Win32.ActiveCfg = SRelease|Win32
		{E52213EE-DFBA-4574-9374-3547089F2443}.SRelease|Win32.Build.0 = SRelease|Win32
		{7E76822B-0740-4BFC-A3A4-985F91C7AF0C}.DbgRelease|Win32.ActiveCfg = DbgRelease|Win32
		{7E76822B-0740-4BFC-A3A4-985F91C7AF0C}.DbgRelease|Win32.Build.0 = DbgRelease|Win32
		{7E76822B-0740-4BFC-A3A4-985F91C7AF0C}.Debug|Win32.ActiveCfg = Debug|Win32
		{7E76822B-0740-4BFC-A3A4-985F91C7AF0C}.Debug|Win32.Build.0 = Debug|Win32
		{7E76822B-0740-4BFC-A3A4-985F91C7AF0C}.EditerDebug|Win32.ActiveCfg = Debug|Win32
		{7E76822B-0740-4BFC-A3A4-985F91C7AF0C}.EditerDebug|Win32.Build.0 = Debug|Win32
		{7E76822B-0740-4BFC-A3A4-985F91C7AF0C}.EditorRelease|Win32.ActiveCfg = Release|Win32
		{7E76822B-0740-4BFC-A3A4-985F91C7AF0C}.EditorRelease|Win32.Build.0 = Release|Win32
		{7E76822B-0740-4BFC-A3A4-985F91C7AF0C}.Mem_Debug|Win32.ActiveCfg = Debug|Win32
		{7E76822B-0740-4BFC-A3A4-985F91C7AF0C}.Mem_Debug|Win32.Build.0 = Debug|Win32
		{7E76822B-0740-4BFC-A3A4-985F91C7AF0C}.Release|Win32.ActiveCfg = Release|Win32
		{7E76822B-0740-4BFC-A3A4-985F91C7AF0C}.Release|Win32.Build.0 = Release|Win32
		{7E76822B-0740-4BFC-A3A4-985F91C7AF0C}.SDebug|Win32.ActiveCfg = Debug|Win32
		{7E76822B-0740-4BFC-A3A4-985F91C7AF0C}.SDebug|Win32.Build.0 = Debug|Win32
		{7E76822B-0740-4BFC-A3A4-985F91C7AF0C}.SRelease|Win32.ActiveCfg = Release|Win32
		{7E76822B-0740-4BFC-A3A4-985F91C7AF0C}.SRelease|Win32.Build.0 = Release|Win32
		{88BF6315-7DD6-4E6F-98B2-61A288E4F076}.DbgRelease|Win32.ActiveCfg = DbgRelease|Win32
		{88BF6315-7DD6-4E6F-98B2-61A288E4F076}.DbgRelease|Win32.Build.0 = DbgRelease|Win32
		{88BF6315-7DD6-4E6F-98B2-61A288E4F076}.Debug|Win32.ActiveCfg = Debug|Win32
		{88BF6315-7DD6-4E6F-98B2-61A288E4F076}.Debug|Win32.Build.0 = Debug|Win32
		{88BF6315-7DD6-4E6F-98B2-61A288E4F076}.EditerDebug|Win32.ActiveCfg = Debug|Win32
		{88BF6315-7DD6-4E6F-98B2-61A288E4F076}.EditerDebug|Win32.Build.0 = Debug|Win32
		{88BF6315-7DD6-4E6F-98B2-61A288E4F076}.EditorRelease|Win32.ActiveCfg = Release|Win32
		{88BF6315-7DD6-4E6F-98B2-61A288E4F076}.EditorRelease|Win32.Build.0 = Release|Win32
		{88BF6315-7DD6-4E6F-98B2-61A288E4F076}.Mem_Debug|Win32.ActiveCfg = Debug|Win32
		{88BF6315-7DD6-4E6F-98B2-61A288E4F076}.Mem_Debug|Win32.Build.0 = Debug|Win32
		{88BF6315-7DD6-4E6F-98B2-61A288E4F076}.Release|Win32.ActiveCfg = Release|Win32
		{88BF6315-7DD6-4E6F-98B2-61A288E4F076}.Release|Win32.Build.0 = Release|Win32
		{88BF6315-7DD6-4E6F-98B2-61A288E4F076}.SDebug|Win32.ActiveCfg = Debug|Win32
		{88BF6315-7DD6-4E6F-98B2-61A288E4F076}.SDebug|Win32.Build.0 = Debug|Win32
		{88BF6315-7DD6-4E6F-98B2-61A288E4F076}.SRelease|Win32.ActiveCfg = Release|Win32
		{88BF6315-7DD6-4E6F-98B2-61A288E4F076}.SRelease|Win32.Build.0 = Release|Win32
		{A9FB188F-93BB-48E4-B261-465CA2F9CC45}.DbgRelease|Win32.ActiveCfg = DbgRelease|Win32
		{A9FB188F-93BB-48E4-B261-465CA2F9CC45}.DbgRelease|Win32.Build.0 = DbgRelease|Win32
		{A9FB188F-93BB-48E4-B261-465CA2F9CC45}.Debug|Win32.ActiveCfg = Debug|Win32
		{A9FB188F-93BB-48E4-B261-465CA2F9CC45}.Debug|Win32.Build.0 = Debug|Win32
		{A9FB188F-93BB-48E4-B261-465CA2F9CC45}.EditerDebug|Win32.ActiveCfg = Debug|Win32
		{A9FB188F-93BB-48E4-B261-465CA2F9CC45}.EditerDebug|Win32.Build.0 = Debug|Win32
		{A9FB188F-93BB-48E4-B261-465CA2F9CC45}.EditorRelease|Win32.ActiveCfg = Release|Win32
		{A9FB188F-93BB-48E4-B261-465CA2F9CC45}.EditorRelease|Win32.Build.0 = Release|Win32
		{A9FB188F-93BB-48E4-B261-465CA2F9CC45}.Mem_Debug|Win32.ActiveCfg = Mem_Debug|Win32
		{A9FB188F-93BB-48E4-B261-465CA2F9CC45}.Mem_Debug|Win32.Build.0 = Mem_Debug|Win32
		{A9FB188F-93BB-48E4-B261-465CA2F9CC45}.Release|Win32.ActiveCfg = Release|Win32
		{A9FB188F-93BB-48E4-B261-465CA2F9CC45}.Release|Win32.Build.0 = Release|Win32
		{A9FB188F-93BB-48E4-B261-465CA2F9CC45}.SDebug|Win32.ActiveCfg = Debug|Win32
		{A9FB188F-93BB-48E4-B261-465CA2F9CC45}.SDebug|Win32.Build.0 = Debug|Win32
		{A9FB188F-93BB-48E4-B261-465CA2F9CC45}.SRelease|Win32.ActiveCfg = Release|Win32
		{A9FB188F-93BB-48E4-B261-465CA2F9CC45}.SRelease|Win32.Build.0 = Release|Win32
		{23C4048C-C118-4269-A06B-CB53E77CEF82}.DbgRelease|Win32.ActiveCfg = DBGRelease|Win32
		{23C4048C-C118-4269-A06B-CB53E77CEF82}.DbgRelease|Win32.Build.0 = DBGRelease|Win32
		{23C4048C-C118-4269-A06B-CB53E77CEF82}.Debug|Win32.ActiveCfg = Debug|Win32
		{23C4048C-C118-4269-A06B-CB53E77CEF82}.Debug|Win32.Build.0 = Debug|Win32
		{23C4048C-C118-4269-A06B-CB53E77CEF82}.EditerDebug|Win32.ActiveCfg = Debug|Win32
		{23C4048C-C118-4269-A06B-CB53E77CEF82}.EditerDebug|Win32.Build.0 = Debug|Win32
		{23C4048C-C118-4269-A06B-CB53E77CEF82}.EditorRelease|Win32.ActiveCfg = Release|Win32
		{23C4048C-C118-4269-A06B-CB53E77CEF82}.EditorRelease|Win32.Build.0 = Release|Win32
		{23C4048C-C118-4269-A06B-CB53E77CEF82}.Mem_Debug|Win32.ActiveCfg = Debug|Win32
		{23C4048C-C118-4269-A06B-CB53E77CEF82}.Mem_Debug|Win32.Build.0 = Debug|Win32
		{23C4048C-C118-4269-A06B-CB53E77CEF82}.Release|Win32.ActiveCfg = Release|Win32
		{23C4048C-C118-4269-A06B-CB53E77CEF82}.Release|Win32.Build.0 = Release|Win32
		{23C4048C-C118-4269-A06B-CB53E77CEF82}.SDebug|Win32.ActiveCfg = Debug|Win32
		{23C4048C-C118-4269-A06B-CB53E77CEF82}.SDebug|Win32.Build.0 = Debug|Win32
		{23C4048C-C118-4269-A06B-CB53E77CEF82}.SRelease|Win32.ActiveCfg = Release|Win32
		{23C4048C-C118-4269-A06B-CB53E77CEF82}.SRelease|Win32.Build.0 = Release|Win32
		{A9CC7F64-74B8-4D44-B723-8A82C17A9EE2}.DbgRelease|Win32.ActiveCfg = Release|Win32
		{A9CC7F64-74B8-4D44-B723-8A82C17A9EE2}.DbgRelease|Win32.Build.0 = Release|Win32
		{A9CC7F64-74B8-4D44-B723-8A82C17A9EE2}.Debug|Win32.ActiveCfg = Debug|Win32
		{A9CC7F64-74B8-4D44-B723-8A82C17A9EE2}.Debug|Win32.Build.0 = Debug|Win32
		{A9CC7F64-74B8-4D44-B723-8A82C17A9EE2}.EditerDebug|Win32.ActiveCfg = Debug|Win32
		{A9CC7F64-74B8-4D44-B723-8A82C17A9EE2}.EditerDebug|Win32.Build.0 = Debug|Win32
		{A9CC7F64-74B8-4D44-B723-8A82C17A9EE2}.EditorRelease|Win32.ActiveCfg = Release|Win32
		{A9CC7F64-74B8-4D44-B723-8A82C17A9EE2}.EditorRelease|Win32.Build.0 = Release|Win32
		{A9CC7F64-74B8-4D44-B723-8A82C17A9EE2}.Mem_Debug|Win32.ActiveCfg = Debug|Win32
		{A9CC7F64-74B8-4D44-B723-8A82C17A9EE2}.Mem_Debug|Win32.Build.0 = Debug|Win32
		{A9CC7F64-74B8-4D44-B723-8A82C17A9EE2}.Release|Win32.ActiveCfg = Release|Win32
		{A9CC7F64-74B8-4D44-B723-8A82C17A9EE2}.Release|Win32.Build.0 = Release|Win32
		{A9CC7F64-74B8-4D44-B723-8A82C17A9EE2}.SDebug|Win32.ActiveCfg = Debug|Win32
		{A9CC7F64-74B8-4D44-B723-8A82C17A9EE2}.SDebug|Win32.Build.0 = Debug|Win32
		{A9CC7F64-74B8-4D44-B723-8A82C17A9EE2}.SRelease|Win32.ActiveCfg = Release|Win32
		{A9CC7F64-74B8-4D44-B723-8A82C17A9EE2}.SRelease|Win32.Build.0 = Release|Win32
		{5463321C-A14B-4FE4-928B-101366B77EA5}.DbgRelease|Win32.ActiveCfg = Release|Win32
		{5463321C-A14B-4FE4-928B-101366B77EA5}.DbgRelease|Win32.Build.0 = Release|Win32
		{5463321C-A14B-4FE4-928B-101366B77EA5}.Debug|Win32.ActiveCfg = Debug|Win32
		{5463321C-A14B-4FE4-928B-101366B77EA5}.Debug|Win32.Build.0 = Debug|Win32
		{5463321C-A14B-4FE4-928B-101366B77EA5}.EditerDebug|Win32.ActiveCfg = Debug|Win32
		{5463321C-A14B-4FE4-928B-101366B77EA5}.EditerDebug|Win32.Build.0 = Debug|Win32
		{5463321C-A14B-4FE4-928B-101366B77EA5}.EditorRelease|Win32.ActiveCfg = Release|Win32
		{5463321C-A14B-4FE4-928B-101366B77EA5}.EditorRelease|Win32.Build.0 = Release|Win32
		{5463321C-A14B-4FE4-928B-101366B77EA5}.Mem_Debug|Win32.ActiveCfg = Debug|Win32
		{5463321C-A14B-4FE4-928B-101366B77EA5}.Mem_Debug|Win32.Build.0 = Debug|Win32
		{5463321C-A14B-4FE4-928B-101366B77EA5}.Release|Win32.ActiveCfg = Release|Win32
		{5463321C-A14B-4FE4-928B-101366B77EA5}.Release|Win32.Build.0 = Release|Win32
		{5463321C-A14B-4FE4-928B-101366B77EA5}.SDebug|Win32.ActiveCfg = Debug|Win32
		{5463321C-A14B-4FE4-928B-101366B77EA5}.SDebug|Win32.Build.0 = Debug|Win32
		{5463321C-A14B-4FE4-928B-101366B77EA5}.SRelease|Win32.ActiveCfg = Release|Win32
		{5463321C-A14B-4FE4-928B-101366B77EA5}.SRelease|Win32.Build.0 = Release|Win32
		{15AB6A5C-84E6-47D9-8C1C-F495A36677D2}.DbgRelease|Win32.ActiveCfg = Release|Win32
		{15AB6A5C-84E6-47D9-8C1C-F495A36677D2}.DbgRelease|Win32.Build.0 = Release|Win32
		{15AB6A5C-84E6-47D9-8C1C-F495A36677D2}.Debug|Win32.ActiveCfg = Debug|Win32
		{15AB6A5C-84E6-47D9-8C1C-F495A36677D2}.Debug|Win32.Build.0 = Debug|Win32
		{15AB6A5C-84E6-47D9-8C1C-F495A36677D2}.EditerDebug|Win32.ActiveCfg = Debug|Win32
		{15AB6A5C-84E6-47D9-8C1C-F495A36677D2}.EditerDebug|Win32.Build.0 = Debug|Win32
		{15AB6A5C-84E6-47D9-8C1C-F495A36677D2}.EditorRelease|Win32.ActiveCfg = Release|Win32
		{15AB6A5C-84E6-47D9-8C1C-F495A36677D2}.EditorRelease|Win32.Build.0 = Release|Win32
		{15AB6A5C-84E6-47D9-8C1C-F495A36677D2}.Mem_Debug|Win32.ActiveCfg = Debug|Win32
		{15AB6A5C-84E6-47D9-8C1C-F495A36677D2}.Mem_Debug|Win32.Build.0 = Debug|Win32
		{15AB6A5C-84E6-47D9-8C1C-F495A36677D2}.Release|Win32.ActiveCfg = Release|Win32
		{15AB6A5C-84E6-47D9-8C1C-F495A36677D2}.Release|Win32.Build.0 = Release|Win32
		{15AB6A5C-84E6-47D9-8C1C-F495A36677D2}.SDebug|Win32.ActiveCfg = Debug|Win32
		{15AB6A5C-84E6-47D9-8C1C-F495A36677D2}.SDebug|Win32.Build.0 = Debug|Win32
		{15AB6A5C-84E6-47D9-8C1C-F495A36677D2}.SRelease|Win32.ActiveCfg = Release|Win32
		{15AB6A5C-84E6-47D9-8C1C-F495A36677D2}.SRelease|Win32.Build.0 = Release|Win32
	EndGlobalSection
	GlobalSection(SolutionProperties) = preSolution
		HideSolutionNode = FALSE
	EndGlobalSection
EndGlobal
